
Microsoft Visual Studio Solution File, Format Version 12.00
# Visual Studio Version 16
VisualStudioVersion = 16.0.32901.82
MinimumVisualStudioVersion = 10.0.40219.1
Project("{FAE04EC0-301F-11D3-BF4B-00C04F79EFBC}") = "ConsoleApp1PatikaDev", "ConsoleApp1PatikaDev\ConsoleApp1PatikaDev.csproj", "{99652467-9E6F-411B-B30F-85FD1BDA9B42}"
EndProject
Global
	GlobalSection(SolutionConfigurationPlatforms) = preSolution
		Debug|Any CPU = Debug|Any CPU
		Release|Any CPU = Release|Any CPU
	EndGlobalSection
	GlobalSection(ProjectConfigurationPlatforms) = postSolution
		{99652467-9E6F-411B-B30F-85FD1BDA9B42}.Debug|Any CPU.ActiveCfg = Debug|Any CPU
		{99652467-9E6F-411B-B30F-85FD1BDA9B42}.Debug|Any CPU.Build.0 = Debug|Any CPU
		{99652467-9E6F-411B-B30F-85FD1BDA9B42}.Release|Any CPU.ActiveCfg = Release|Any CPU
		{99652467-9E6F-411B-B30F-85FD1BDA9B42}.Release|Any CPU.Build.0 = Release|Any CPU
	EndGlobalSection
	GlobalSection(SolutionProperties) = preSolution
		HideSolutionNode = FALSE
	EndGlobalSection
	GlobalSection(ExtensibilityGlobals) = postSolution
		SolutionGuid = {06AF1214-C08C-4508-B4DA-BC4CD5485397}
	EndGlobalSection
EndGlobal
